
Microsoft Visual Studio Solution File, Format Version 12.00
# Visual Studio Version 16
VisualStudioVersion = 16.0.30225.117
MinimumVisualStudioVersion = 10.0.40219.1
Project("{FAE04EC0-301F-11D3-BF4B-00C04F79EFBC}") = "Lab02UnitTestingAndDocumentation", "Lab02UnitTestingAndDocumentation\Lab02UnitTestingAndDocumentation.csproj", "{7CCE5A7D-DB7D-4507-9566-F2B5F9923C22}"
EndProject
Project("{FAE04EC0-301F-11D3-BF4B-00C04F79EFBC}") = "Lab02UnitTestingAndDocumentationTests", "Lab02UnitTestingAndDocumentationTests\Lab02UnitTestingAndDocumentationTests.csproj", "{E6A78DA3-FADD-44E9-B0FC-6D23523840A7}"
EndProject
Global
	GlobalSection(SolutionConfigurationPlatforms) = preSolution
		Debug|Any CPU = Debug|Any CPU
		Release|Any CPU = Release|Any CPU
	EndGlobalSection
	GlobalSection(ProjectConfigurationPlatforms) = postSolution
		{7CCE5A7D-DB7D-4507-9566-F2B5F9923C22}.Debug|Any CPU.ActiveCfg = Debug|Any CPU
		{7CCE5A7D-DB7D-4507-9566-F2B5F9923C22}.Debug|Any CPU.Build.0 = Debug|Any CPU
		{7CCE5A7D-DB7D-4507-9566-F2B5F9923C22}.Release|Any CPU.ActiveCfg = Release|Any CPU
		{7CCE5A7D-DB7D-4507-9566-F2B5F9923C22}.Release|Any CPU.Build.0 = Release|Any CPU
		{E6A78DA3-FADD-44E9-B0FC-6D23523840A7}.Debug|Any CPU.ActiveCfg = Debug|Any CPU
		{E6A78DA3-FADD-44E9-B0FC-6D23523840A7}.Debug|Any CPU.Build.0 = Debug|Any CPU
		{E6A78DA3-FADD-44E9-B0FC-6D23523840A7}.Release|Any CPU.ActiveCfg = Release|Any CPU
		{E6A78DA3-FADD-44E9-B0FC-6D23523840A7}.Release|Any CPU.Build.0 = Release|Any CPU
	EndGlobalSection
	GlobalSection(SolutionProperties) = preSolution
		HideSolutionNode = FALSE
	EndGlobalSection
	GlobalSection(ExtensibilityGlobals) = postSolution
		SolutionGuid = {480186DB-BB99-4090-BE3E-C339AD1D61E9}
	EndGlobalSection
EndGlobal
